
Microsoft Visual Studio Solution File, Format Version 12.00
# Visual Studio Version 17
VisualStudioVersion = 17.5.33103.201
MinimumVisualStudioVersion = 10.0.40219.1
Project("{9A19103F-16F7-4668-BE54-9A1E7A4F7556}") = "ConsoleApp", "ConsoleApp\ConsoleApp.csproj", "{F9F2C83C-AB9D-4935-86ED-4A9E5C527E5E}"
EndProject
Project("{9A19103F-16F7-4668-BE54-9A1E7A4F7556}") = "BuildDataStructures", "BuildDataStructures\BuildDataStructures.csproj", "{9D7F8F3F-B605-4057-A52C-83EE20A16867}"
EndProject
Project("{FAE04EC0-301F-11D3-BF4B-00C04F79EFBC}") = "Runner", "Runner\Runner.csproj", "{E71DC2EB-A304-4D14-893C-CBDFBEF71F37}"
EndProject
Project("{FAE04EC0-301F-11D3-BF4B-00C04F79EFBC}") = "BenchAll", "BenchAll\BenchAll.csproj", "{B9457FC2-86CE-4FC1-B5B6-5E8CCACBC291}"
EndProject
Global
	GlobalSection(SolutionConfigurationPlatforms) = preSolution
		Debug|Any CPU = Debug|Any CPU
		Release|Any CPU = Release|Any CPU
	EndGlobalSection
	GlobalSection(ProjectConfigurationPlatforms) = postSolution
		{F9F2C83C-AB9D-4935-86ED-4A9E5C527E5E}.Debug|Any CPU.ActiveCfg = Debug|Any CPU
		{F9F2C83C-AB9D-4935-86ED-4A9E5C527E5E}.Debug|Any CPU.Build.0 = Debug|Any CPU
		{F9F2C83C-AB9D-4935-86ED-4A9E5C527E5E}.Release|Any CPU.ActiveCfg = Release|Any CPU
		{F9F2C83C-AB9D-4935-86ED-4A9E5C527E5E}.Release|Any CPU.Build.0 = Release|Any CPU
		{9D7F8F3F-B605-4057-A52C-83EE20A16867}.Debug|Any CPU.ActiveCfg = Debug|Any CPU
		{9D7F8F3F-B605-4057-A52C-83EE20A16867}.Debug|Any CPU.Build.0 = Debug|Any CPU
		{9D7F8F3F-B605-4057-A52C-83EE20A16867}.Release|Any CPU.ActiveCfg = Release|Any CPU
		{9D7F8F3F-B605-4057-A52C-83EE20A16867}.Release|Any CPU.Build.0 = Release|Any CPU
		{E71DC2EB-A304-4D14-893C-CBDFBEF71F37}.Debug|Any CPU.ActiveCfg = Debug|Any CPU
		{E71DC2EB-A304-4D14-893C-CBDFBEF71F37}.Debug|Any CPU.Build.0 = Debug|Any CPU
		{E71DC2EB-A304-4D14-893C-CBDFBEF71F37}.Release|Any CPU.ActiveCfg = Release|Any CPU
		{E71DC2EB-A304-4D14-893C-CBDFBEF71F37}.Release|Any CPU.Build.0 = Release|Any CPU
		{B9457FC2-86CE-4FC1-B5B6-5E8CCACBC291}.Debug|Any CPU.ActiveCfg = Debug|Any CPU
		{B9457FC2-86CE-4FC1-B5B6-5E8CCACBC291}.Debug|Any CPU.Build.0 = Debug|Any CPU
		{B9457FC2-86CE-4FC1-B5B6-5E8CCACBC291}.Release|Any CPU.ActiveCfg = Release|Any CPU
		{B9457FC2-86CE-4FC1-B5B6-5E8CCACBC291}.Release|Any CPU.Build.0 = Release|Any CPU
	EndGlobalSection
	GlobalSection(SolutionProperties) = preSolution
		HideSolutionNode = FALSE
	EndGlobalSection
	GlobalSection(ExtensibilityGlobals) = postSolution
		SolutionGuid = {59E006CE-78E5-45CA-A459-BC57CD22A84B}
	EndGlobalSection
EndGlobal
